
Microsoft Visual Studio Solution File, Format Version 12.00
# Visual Studio Version 17
VisualStudioVersion = 17.9.34714.143
MinimumVisualStudioVersion = 10.0.40219.1
Project("{FAE04EC0-301F-11D3-BF4B-00C04F79EFBC}") = "EjerciciosChatGPT", "EjerciciosChatGPT.csproj", "{6DC52998-709E-4668-94EF-8FAA5E738703}"
EndProject
Global
	GlobalSection(SolutionConfigurationPlatforms) = preSolution
		Debug|Any CPU = Debug|Any CPU
		Release|Any CPU = Release|Any CPU
	EndGlobalSection
	GlobalSection(ProjectConfigurationPlatforms) = postSolution
		{6DC52998-709E-4668-94EF-8FAA5E738703}.Debug|Any CPU.ActiveCfg = Debug|Any CPU
		{6DC52998-709E-4668-94EF-8FAA5E738703}.Debug|Any CPU.Build.0 = Debug|Any CPU
		{6DC52998-709E-4668-94EF-8FAA5E738703}.Release|Any CPU.ActiveCfg = Release|Any CPU
		{6DC52998-709E-4668-94EF-8FAA5E738703}.Release|Any CPU.Build.0 = Release|Any CPU
	EndGlobalSection
	GlobalSection(SolutionProperties) = preSolution
		HideSolutionNode = FALSE
	EndGlobalSection
	GlobalSection(ExtensibilityGlobals) = postSolution
		SolutionGuid = {F76BD93E-C505-416E-BE41-0DED7E6071D2}
	EndGlobalSection
EndGlobal
