
Microsoft Visual Studio Solution File, Format Version 12.00
# Visual Studio Version 17
VisualStudioVersion = 17.9.34714.143
MinimumVisualStudioVersion = 10.0.40219.1
Project("{FAE04EC0-301F-11D3-BF4B-00C04F79EFBC}") = "Ejercicio6.2ChatGPT", "Ejercicio6.2ChatGPT.csproj", "{60F9685C-3B66-408E-83BB-06BD418E6728}"
EndProject
Global
	GlobalSection(SolutionConfigurationPlatforms) = preSolution
		Debug|Any CPU = Debug|Any CPU
		Release|Any CPU = Release|Any CPU
	EndGlobalSection
	GlobalSection(ProjectConfigurationPlatforms) = postSolution
		{60F9685C-3B66-408E-83BB-06BD418E6728}.Debug|Any CPU.ActiveCfg = Debug|Any CPU
		{60F9685C-3B66-408E-83BB-06BD418E6728}.Debug|Any CPU.Build.0 = Debug|Any CPU
		{60F9685C-3B66-408E-83BB-06BD418E6728}.Release|Any CPU.ActiveCfg = Release|Any CPU
		{60F9685C-3B66-408E-83BB-06BD418E6728}.Release|Any CPU.Build.0 = Release|Any CPU
	EndGlobalSection
	GlobalSection(SolutionProperties) = preSolution
		HideSolutionNode = FALSE
	EndGlobalSection
	GlobalSection(ExtensibilityGlobals) = postSolution
		SolutionGuid = {48A95876-17FB-4416-B3F0-DBBC0BDE4A9D}
	EndGlobalSection
EndGlobal
